
Microsoft Visual Studio Solution File, Format Version 12.00
# Visual Studio Version 17
VisualStudioVersion = 17.12.35707.178 d17.12
MinimumVisualStudioVersion = 10.0.40219.1
Project("{FAE04EC0-301F-11D3-BF4B-00C04F79EFBC}") = "Server", "Server\Server.csproj", "{6565550E-3CC7-4364-9A2B-234CD3580FFE}"
EndProject
Project("{FAE04EC0-301F-11D3-BF4B-00C04F79EFBC}") = "Client", "Client\Client.csproj", "{EF737BD5-A388-48A5-8275-56C32EE60354}"
EndProject
Global
	GlobalSection(SolutionConfigurationPlatforms) = preSolution
		Debug|Any CPU = Debug|Any CPU
		Release|Any CPU = Release|Any CPU
	EndGlobalSection
	GlobalSection(ProjectConfigurationPlatforms) = postSolution
		{6565550E-3CC7-4364-9A2B-234CD3580FFE}.Debug|Any CPU.ActiveCfg = Debug|Any CPU
		{6565550E-3CC7-4364-9A2B-234CD3580FFE}.Debug|Any CPU.Build.0 = Debug|Any CPU
		{6565550E-3CC7-4364-9A2B-234CD3580FFE}.Release|Any CPU.ActiveCfg = Release|Any CPU
		{6565550E-3CC7-4364-9A2B-234CD3580FFE}.Release|Any CPU.Build.0 = Release|Any CPU
		{EF737BD5-A388-48A5-8275-56C32EE60354}.Debug|Any CPU.ActiveCfg = Debug|Any CPU
		{EF737BD5-A388-48A5-8275-56C32EE60354}.Debug|Any CPU.Build.0 = Debug|Any CPU
		{EF737BD5-A388-48A5-8275-56C32EE60354}.Release|Any CPU.ActiveCfg = Release|Any CPU
		{EF737BD5-A388-48A5-8275-56C32EE60354}.Release|Any CPU.Build.0 = Release|Any CPU
	EndGlobalSection
	GlobalSection(SolutionProperties) = preSolution
		HideSolutionNode = FALSE
	EndGlobalSection
EndGlobal
